{
  "name": "AI-Handboll",
  "lockfileVersion": 2,
  "requires": true,
  "packages": {
    "": {
      "dependencies": {
        "react-native-shadow-cards": "^1.0.2"
      }
    },
    "node_modules/react-native-shadow-cards": {
      "version": "1.0.2",
      "resolved": "https://registry.npmjs.org/react-native-shadow-cards/-/react-native-shadow-cards-1.0.2.tgz",
      "integrity": "sha512-cUk9+4T8XTwWPKJzLxmnFia9i0m5PWdLPrtGiShVH5vVH48TZ/8JLBzsUe50tfzTxvMWPvQM1vZE8Sytfj1mjw=="
    }
  },
  "dependencies": {
    "react-native-shadow-cards": {
      "version": "1.0.2",
      "resolved": "https://registry.npmjs.org/react-native-shadow-cards/-/react-native-shadow-cards-1.0.2.tgz",
      "integrity": "sha512-cUk9+4T8XTwWPKJzLxmnFia9i0m5PWdLPrtGiShVH5vVH48TZ/8JLBzsUe50tfzTxvMWPvQM1vZE8Sytfj1mjw=="
    }
  }
}
